
Microsoft Visual Studio Solution File, Format Version 12.00
# Visual Studio 14
VisualStudioVersion = 14.0.25420.1
MinimumVisualStudioVersion = 10.0.40219.1
Project("{2150E333-8FDC-42A3-9474-1A3956D46DE8}") = "src", "src", "{EAB96655-8331-4E8D-8817-169E32A410DE}"
EndProject
Project("{2150E333-8FDC-42A3-9474-1A3956D46DE8}") = "Solution Items", "Solution Items", "{6806C8B7-A4A6-4057-97E0-96F730C4E198}"
	ProjectSection(SolutionItems) = preProject
		.gitattributes = .gitattributes
		.gitignore = .gitignore
		global.json = global.json
	EndProjectSection
EndProject
Project("{8BB2217D-0F2D-49D1-97BC-3654ED321F3B}") = "Angular2Cli", "src\Angular2Cli\Angular2Cli.xproj", "{61889EF1-01AA-4EE7-8A0B-899B21C41A47}"
EndProject
Global
	GlobalSection(SolutionConfigurationPlatforms) = preSolution
		Debug|Any CPU = Debug|Any CPU
		Release|Any CPU = Release|Any CPU
	EndGlobalSection
	GlobalSection(ProjectConfigurationPlatforms) = postSolution
		{61889EF1-01AA-4EE7-8A0B-899B21C41A47}.Debug|Any CPU.ActiveCfg = Debug|Any CPU
		{61889EF1-01AA-4EE7-8A0B-899B21C41A47}.Debug|Any CPU.Build.0 = Debug|Any CPU
		{61889EF1-01AA-4EE7-8A0B-899B21C41A47}.Release|Any CPU.ActiveCfg = Release|Any CPU
		{61889EF1-01AA-4EE7-8A0B-899B21C41A47}.Release|Any CPU.Build.0 = Release|Any CPU
	EndGlobalSection
	GlobalSection(SolutionProperties) = preSolution
		HideSolutionNode = FALSE
	EndGlobalSection
	GlobalSection(NestedProjects) = preSolution
		{61889EF1-01AA-4EE7-8A0B-899B21C41A47} = {EAB96655-8331-4E8D-8817-169E32A410DE}
	EndGlobalSection
EndGlobal
